
Microsoft Visual Studio Solution File, Format Version 12.00
# Visual Studio Version 16
VisualStudioVersion = 16.0.31005.135
MinimumVisualStudioVersion = 10.0.40219.1
Project("{9A19103F-16F7-4668-BE54-9A1E7A4F7556}") = "ProductManagement", "ProductManagement\ProductManagement.csproj", "{F86B3668-C3CD-49AB-AD6C-3DB0A9415DF7}"
EndProject
Project("{9A19103F-16F7-4668-BE54-9A1E7A4F7556}") = "ProductManagement.DB", "ProductManagement.DB\ProductManagement.DB.csproj", "{D4AD5580-BCC2-4CF7-8ADC-FED7B73AB2E3}"
EndProject
Project("{FAE04EC0-301F-11D3-BF4B-00C04F79EFBC}") = "ProductManagement.Data", "ProductManagement.Data\ProductManagement.Data.csproj", "{3EF3A394-90CB-4099-A888-4AEF59184837}"
EndProject
Global
	GlobalSection(SolutionConfigurationPlatforms) = preSolution
		Debug|Any CPU = Debug|Any CPU
		Release|Any CPU = Release|Any CPU
	EndGlobalSection
	GlobalSection(ProjectConfigurationPlatforms) = postSolution
		{F86B3668-C3CD-49AB-AD6C-3DB0A9415DF7}.Debug|Any CPU.ActiveCfg = Debug|Any CPU
		{F86B3668-C3CD-49AB-AD6C-3DB0A9415DF7}.Debug|Any CPU.Build.0 = Debug|Any CPU
		{F86B3668-C3CD-49AB-AD6C-3DB0A9415DF7}.Release|Any CPU.ActiveCfg = Release|Any CPU
		{F86B3668-C3CD-49AB-AD6C-3DB0A9415DF7}.Release|Any CPU.Build.0 = Release|Any CPU
		{D4AD5580-BCC2-4CF7-8ADC-FED7B73AB2E3}.Debug|Any CPU.ActiveCfg = Debug|Any CPU
		{D4AD5580-BCC2-4CF7-8ADC-FED7B73AB2E3}.Debug|Any CPU.Build.0 = Debug|Any CPU
		{D4AD5580-BCC2-4CF7-8ADC-FED7B73AB2E3}.Release|Any CPU.ActiveCfg = Release|Any CPU
		{D4AD5580-BCC2-4CF7-8ADC-FED7B73AB2E3}.Release|Any CPU.Build.0 = Release|Any CPU
		{3EF3A394-90CB-4099-A888-4AEF59184837}.Debug|Any CPU.ActiveCfg = Debug|Any CPU
		{3EF3A394-90CB-4099-A888-4AEF59184837}.Debug|Any CPU.Build.0 = Debug|Any CPU
		{3EF3A394-90CB-4099-A888-4AEF59184837}.Release|Any CPU.ActiveCfg = Release|Any CPU
		{3EF3A394-90CB-4099-A888-4AEF59184837}.Release|Any CPU.Build.0 = Release|Any CPU
	EndGlobalSection
	GlobalSection(SolutionProperties) = preSolution
		HideSolutionNode = FALSE
	EndGlobalSection
	GlobalSection(ExtensibilityGlobals) = postSolution
		SolutionGuid = {E4FDDF27-8A1D-4884-A082-D5474E860D5B}
	EndGlobalSection
EndGlobal
